PODS:
  - Alamofire (5.0.5)
  - Apollo (0.24.0):
    - Apollo/Core (= 0.24.0)
  - Apollo/Core (0.24.0)
  - ApolloAlamofire (0.7.2):
    - Alamofire (~> 5.0.5)
    - Apollo (~> 0.24.0)

DEPENDENCIES:
  - ApolloAlamofire (from `../`)

SPEC REPOS:
  trunk:
    - Alamofire
    - Apollo

EXTERNAL SOURCES:
  ApolloAlamofire:
    :path: "../"

SPEC CHECKSUMS:
  Alamofire: df2f8f826963b08b9a870791ad48e07a10090b2e
  Apollo: ef7cf21a5f599c98a8699243f6a9922466405669
  ApolloAlamofire: 8f59209fb46c5feb2f8fd4cee6a667e9d2084ae6

PODFILE CHECKSUM: 00a2f1dff72b7acf11c0e21528b21c406828ebb6

COCOAPODS: 1.9.1
